{
  "version": 4,
  "terraform_version": "1.3.6",
  "serial": 38,
  "lineage": "7ccb2087-4d3b-0914-63d3-20113359b3be",
  "outputs": {},
  "resources": [
    {
      "mode": "managed",
      "type": "aws_elastic_beanstalk_application",
      "name": "app",
      "provider": "provider[\"registry.terraform.io/hashicorp/aws\"]",
      "instances": [
        {
          "schema_version": 0,
          "attributes": {
            "appversion_lifecycle": [],
            "arn": "arn:aws:elasticbeanstalk:us-east-1:759486514658:application/api-rest",
            "description": "Zincsearch api-rest application built in Go",
            "id": "api-rest",
            "name": "api-rest",
            "tags": null,
            "tags_all": {}
          },
          "sensitive_attributes": [],
          "private": "bnVsbA=="
        }
      ]
    }
  ],
  "check_results": null
}
